Microsoft Visual Studio Solution File, Format Version 12.00
# Visual Studio Version 17
VisualStudioVersion = 17.5.2.0
MinimumVisualStudioVersion = 10.0.40219.1
Project("{FAE04EC0-301F-11D3-BF4B-00C04F79EFBC}") = "MyMarkdownBlog", "MyMarkdownBlog.csproj", "{A5687269-73EC-DB79-92E1-A4D35F65EC72}"
EndProject
Global
	GlobalSection(SolutionConfigurationPlatforms) = preSolution
		Debug|Any CPU = Debug|Any CPU
		Release|Any CPU = Release|Any CPU
	EndGlobalSection
	GlobalSection(ProjectConfigurationPlatforms) = postSolution
		{A5687269-73EC-DB79-92E1-A4D35F65EC72}.Debug|Any CPU.ActiveCfg = Debug|Any CPU
		{A5687269-73EC-DB79-92E1-A4D35F65EC72}.Debug|Any CPU.Build.0 = Debug|Any CPU
		{A5687269-73EC-DB79-92E1-A4D35F65EC72}.Release|Any CPU.ActiveCfg = Release|Any CPU
		{A5687269-73EC-DB79-92E1-A4D35F65EC72}.Release|Any CPU.Build.0 = Release|Any CPU
	EndGlobalSection
	GlobalSection(SolutionProperties) = preSolution
		HideSolutionNode = FALSE
	EndGlobalSection
	GlobalSection(ExtensibilityGlobals) = postSolution
		SolutionGuid = {F5F38541-6A22-43FC-B9EB-9C44269CF794}
	EndGlobalSection
EndGlobal
